{
  "version": 4,
  "terraform_version": "1.7.5",
  "serial": 3,
  "lineage": "66343708-082d-c3c7-602c-a5f61cc7e360",
  "outputs": {
    "kubernetes_cluster_host": {
      "value": "34.41.206.168",
      "type": "string"
    },
    "kubernetes_cluster_name": {
      "value": "focal-psyche-410215-gke",
      "type": "string"
    },
    "project_id": {
      "value": "focal-psyche-410215",
      "type": "string"
    },
    "region": {
      "value": "us-central1-c",
      "type": "string"
    }
  },
  "resources": [
    {
      "mode": "managed",
      "type": "google_container_cluster",
      "name": "primary",
      "provider": "provider[\"registry.terraform.io/hashicorp/google\"]",
      "instances": [
        {
          "schema_version": 1,
          "attributes": {
            "addons_config": [
              {
                "cloudrun_config": [],
                "config_connector_config": [],
                "dns_cache_config": [],
                "gce_persistent_disk_csi_driver_config": [
                  {
                    "enabled": true
                  }
                ],
                "gcp_filestore_csi_driver_config": [],
                "gcs_fuse_csi_driver_config": [],
                "gke_backup_agent_config": [],
                "horizontal_pod_autoscaling": [],
                "http_load_balancing": [],
                "network_policy_config": [
                  {
                    "disabled": true
                  }
                ]
              }
            ],
            "allow_net_admin": null,
            "authenticator_groups_config": [],
            "binary_authorization": [
              {
                "enabled": false,
                "evaluation_mode": ""
              }
            ],
            "cluster_autoscaling": [
              {
                "auto_provisioning_defaults": [],
                "enabled": false,
                "resource_limits": []
              }
            ],
            "cluster_ipv4_cidr": "10.0.0.0/14",
            "confidential_nodes": [],
            "cost_management_config": [],
            "database_encryption": [
              {
                "key_name": "",
                "state": "DECRYPTED"
              }
            ],
            "datapath_provider": "",
            "default_max_pods_per_node": null,
            "default_snat_status": [
              {
                "disabled": false
              }
            ],
            "description": "",
            "dns_config": [],
            "enable_autopilot": false,
            "enable_binary_authorization": false,
            "enable_intranode_visibility": false,
            "enable_k8s_beta_apis": [],
            "enable_kubernetes_alpha": false,
            "enable_l4_ilb_subsetting": false,
            "enable_legacy_abac": false,
            "enable_shielded_nodes": true,
            "enable_tpu": false,
            "endpoint": "34.41.206.168",
            "gateway_api_config": [],
            "id": "projects/focal-psyche-410215/locations/us-central1-c/clusters/focal-psyche-410215-gke",
            "initial_node_count": 1,
            "ip_allocation_policy": [],
            "label_fingerprint": "a9dc16a7",
            "location": "us-central1-c",
            "logging_config": [
              {
                "enable_components": [
                  "SYSTEM_COMPONENTS",
                  "WORKLOADS"
                ]
              }
            ],
            "logging_service": "logging.googleapis.com/kubernetes",
            "maintenance_policy": [],
            "master_auth": [
              {
                "client_certificate": "",
                "client_certificate_config": [
                  {
                    "issue_client_certificate": false
                  }
                ],
                "client_key": "",
                "cluster_ca_certificate": "LS0tLS1CRUdJTiBDRVJUSUZJQ0FURS0tLS0tCk1JSUVMVENDQXBXZ0F3SUJBZ0lSQUptZ1h5TitkS2VkcndQUmx4Vm5yRU13RFFZSktvWklodmNOQVFFTEJRQXcKTHpFdE1Dc0dBMVVFQXhNa1pETTFOalUwWlRrdFlXWmpOeTAwWldNeExUazFOekF0TVRkak5XVmhOakl3TmpGaApNQ0FYRFRJME1ETXpNVEUwTWpJek9Wb1lEekl3TlRRd016STBNVFV5TWpNNVdqQXZNUzB3S3dZRFZRUURFeVJrCk16VTJOVFJsT1MxaFptTTNMVFJsWXpFdE9UVTNNQzB4TjJNMVpXRTJNakEyTVdFd2dnR2lNQTBHQ1NxR1NJYjMKRFFFQkFRVUFBNElCandBd2dnR0tBb0lCZ1FDNnc5aTdVN0pYODVneDdvNStTaXM5b05ZTTh4eUFZUFVqdnBndgpXTWwzeEJSdkp2VGtZSUsvZkNSYXFuRkJJQjZKajdtSXdwVkNaV0krQzR3T05HTHBGTHVSSnBvaHpLSUJQQUFvCjV1b1VtNVRwcFFBSGRyN1pKOHJ0NHd1RW0vR0lPK04xWmtpTmNpVUswRzlTMUtid09rcnRSTVBNVWR4NHJpdEQKWGhtRWp3ck9uS3hhMTRvU1RoZlJwUFpaVDRXeXhoMlgvbVJkOGFWSlNYZEhYSUs0UEcxcmxXNjR2T01wS2ViNQpVK2ltQm0vME5lNEJlM3ZGZXYxWVNENlh5Tk80d1FsYjlET3VkWVRzRUsvTHQ0ZUpsa3FZemxBT1ptNGROMXlWCnYwSVNYT1BUYTcvaVByQ3NweUJnTzZnUDJYazdJeTU3azBVR0QrcVFEVnZlT0U5NTV5ams2UzVjS3dtRTNlK2MKMnV3LzFHYmQvS3NBbjJ2dU54SVVMR3NVM1JvT21UcHZnMk9VNnY3a2E4dmo4RTVhVmpTQ2E4TXNlQzlSQUw5KwpOZ2JzYXJ5K0ptMkxzSHF0QWh1Ym9iSlprQW1xemlsMlNLM0l2RjJRQ0dhNE93bkVyNTNsci9FMVNJVnI4K1pYCmRoVklsTjJQeVVtOTlWQ25WUHVycW9MR1RHY0NBd0VBQWFOQ01FQXdEZ1lEVlIwUEFRSC9CQVFEQWdJRU1BOEcKQTFVZEV3RUIvd1FGTUFNQkFmOHdIUVlEVlIwT0JCWUVGQ1hRZzRyOW8vVi9GZ2s3RkRFNFN6SWQxOTB1TUEwRwpDU3FHU0liM0RRRUJDd1VBQTRJQmdRQUtXYUdvdXVTV0lkSW1sUTR4Rnk2NzZ4THcwNjVOaXhESXhCTGNGZ0o1Cm12Tk1pOXpyOUJKQVVRaW0zY1hsUm5ReUVyODloVDFCeXphK0lYQ0ttV05qOUQ4UXJLSmlQTGZRM01MMW16ckIKMTZoWFdGVUxxS2tYUUk4b3Rnc09iaHVEVVc3eU9EazJqZzBJSVg3TERqaCsvS3lTT3Y2ekJOdjQ5bFhEaE15ZQpqK2RjUG9wcUMzc2crUG84M05kUW93MlJnWDQzenQ1QTdrVVZ5czFKVVNvbGxBOVcxbkMzWkFZVHNyR2NKQXdBCmxUQXIySkNaVVhoVkRLaWtpVnVZQXJha2NBQVlySWhnUHJDQXQzRnBlUVQ0YU9ueUkvV0FDZWxxd05LeXBEZXIKbE1kV0dLOGNrSWhDWm5mbnJ0R0NxYm1Ic0xnN3BLZDJ3cVo3ZG1LKzQxOUFmRWdrUmJjbkZQOGZ5THRJVnpTMwpXcG12eWx1dnJlUjk4V1o1M2xnV2NUL0lvTitxSGRSc2VQK3FqOGxuY1NMbElpQ3Rzd01QRVI2RGszSWU3YWdNCjlmTHpVTitEd0F4RFBxaXpQRDF6Tkw0eW1iY1Z4SENxU2p2QXVoWi9lZERGSk1Bc2FYb1FSWEZaVDB0ejA3OE0KeVFHVjh5MDB0cWticE9hV2NtL3VSMG89Ci0tLS0tRU5EIENFUlRJRklDQVRFLS0tLS0K"
              }
            ],
            "master_authorized_networks_config": [],
            "master_version": "1.27.8-gke.1067004",
            "mesh_certificates": [],
            "min_master_version": null,
            "monitoring_config": [
              {
                "advanced_datapath_observability_config": [
                  {
                    "enable_metrics": false,
                    "relay_mode": ""
                  }
                ],
                "enable_components": [
                  "SYSTEM_COMPONENTS"
                ],
                "managed_prometheus": [
                  {
                    "enabled": true
                  }
                ]
              }
            ],
            "monitoring_service": "monitoring.googleapis.com/kubernetes",
            "name": "focal-psyche-410215-gke",
            "network": "projects/focal-psyche-410215/global/networks/default",
            "network_policy": [
              {
                "enabled": false,
                "provider": "PROVIDER_UNSPECIFIED"
              }
            ],
            "networking_mode": "ROUTES",
            "node_config": [],
            "node_locations": [],
            "node_pool": [],
            "node_pool_defaults": [
              {
                "node_config_defaults": [
                  {
                    "logging_variant": "DEFAULT"
                  }
                ]
              }
            ],
            "node_version": "1.27.8-gke.1067004",
            "notification_config": [
              {
                "pubsub": [
                  {
                    "enabled": false,
                    "filter": [],
                    "topic": ""
                  }
                ]
              }
            ],
            "operation": null,
            "private_cluster_config": [
              {
                "enable_private_endpoint": false,
                "enable_private_nodes": false,
                "master_global_access_config": [
                  {
                    "enabled": false
                  }
                ],
                "master_ipv4_cidr_block": "",
                "peering_name": "",
                "private_endpoint": "10.128.0.2",
                "private_endpoint_subnetwork": "",
                "public_endpoint": "34.41.206.168"
              }
            ],
            "private_ipv6_google_access": "",
            "project": "focal-psyche-410215",
            "release_channel": [
              {
                "channel": "REGULAR"
              }
            ],
            "remove_default_node_pool": true,
            "resource_labels": null,
            "resource_usage_export_config": [],
            "security_posture_config": [
              {
                "mode": "BASIC",
                "vulnerability_mode": "VULNERABILITY_MODE_UNSPECIFIED"
              }
            ],
            "self_link": "https://container.googleapis.com/v1/projects/focal-psyche-410215/zones/us-central1-c/clusters/focal-psyche-410215-gke",
            "service_external_ips_config": [
              {
                "enabled": false
              }
            ],
            "services_ipv4_cidr": "10.3.240.0/20",
            "subnetwork": "projects/focal-psyche-410215/regions/us-central1/subnetworks/default",
            "timeouts": null,
            "tpu_ipv4_cidr_block": "",
            "vertical_pod_autoscaling": [],
            "workload_identity_config": []
          },
          "sensitive_attributes": [],
          "private": "eyJlMmJmYjczMC1lY2FhLTExZTYtOGY4OC0zNDM2M2JjN2M0YzAiOnsiY3JlYXRlIjoyNDAwMDAwMDAwMDAwLCJkZWxldGUiOjI0MDAwMDAwMDAwMDAsInJlYWQiOjI0MDAwMDAwMDAwMDAsInVwZGF0ZSI6MzYwMDAwMDAwMDAwMH0sInNjaGVtYV92ZXJzaW9uIjoiMSJ9"
        }
      ]
    },
    {
      "mode": "managed",
      "type": "google_container_node_pool",
      "name": "primary_preemptible_nodes",
      "provider": "provider[\"registry.terraform.io/hashicorp/google\"]",
      "instances": [
        {
          "schema_version": 1,
          "attributes": {
            "autoscaling": [],
            "cluster": "focal-psyche-410215-gke",
            "id": "projects/focal-psyche-410215/locations/us-central1-c/clusters/focal-psyche-410215-gke/nodePools/mle1-node-pool",
            "initial_node_count": 1,
            "instance_group_urls": [
              "https://www.googleapis.com/compute/v1/projects/focal-psyche-410215/zones/us-central1-c/instanceGroupManagers/gke-focal-psyche-41021-mle1-node-pool-7407264a-grp"
            ],
            "location": "us-central1-c",
            "managed_instance_group_urls": [
              "https://www.googleapis.com/compute/v1/projects/focal-psyche-410215/zones/us-central1-c/instanceGroups/gke-focal-psyche-41021-mle1-node-pool-7407264a-grp"
            ],
            "management": [
              {
                "auto_repair": true,
                "auto_upgrade": true
              }
            ],
            "max_pods_per_node": null,
            "name": "mle1-node-pool",
            "name_prefix": "",
            "network_config": [
              {
                "create_pod_range": false,
                "enable_private_nodes": false,
                "pod_cidr_overprovision_config": [],
                "pod_ipv4_cidr_block": "",
                "pod_range": ""
              }
            ],
            "node_config": [
              {
                "advanced_machine_features": [],
                "boot_disk_kms_key": "",
                "disk_size_gb": 100,
                "disk_type": "pd-balanced",
                "ephemeral_storage_local_ssd_config": [],
                "gcfs_config": [],
                "guest_accelerator": [],
                "gvnic": [],
                "host_maintenance_policy": [],
                "image_type": "COS_CONTAINERD",
                "kubelet_config": [],
                "labels": {},
                "linux_node_config": [],
                "local_nvme_ssd_block_config": [],
                "local_ssd_count": 0,
                "logging_variant": "DEFAULT",
                "machine_type": "n2-standard-2",
                "metadata": {
                  "disable-legacy-endpoints": "true"
                },
                "min_cpu_platform": "",
                "node_group": "",
                "oauth_scopes": [
                  "https://www.googleapis.com/auth/devstorage.read_only",
                  "https://www.googleapis.com/auth/logging.write",
                  "https://www.googleapis.com/auth/monitoring",
                  "https://www.googleapis.com/auth/service.management.readonly",
                  "https://www.googleapis.com/auth/servicecontrol",
                  "https://www.googleapis.com/auth/trace.append"
                ],
                "preemptible": true,
                "reservation_affinity": [],
                "resource_labels": null,
                "service_account": "default",
                "shielded_instance_config": [
                  {
                    "enable_integrity_monitoring": true,
                    "enable_secure_boot": false
                  }
                ],
                "sole_tenant_config": [],
                "spot": false,
                "tags": null,
                "taint": [],
                "workload_metadata_config": []
              }
            ],
            "node_count": 1,
            "node_locations": [
              "us-central1-c"
            ],
            "operation": null,
            "placement_policy": [],
            "project": "focal-psyche-410215",
            "timeouts": null,
            "upgrade_settings": [
              {
                "blue_green_settings": [],
                "max_surge": 1,
                "max_unavailable": 0,
                "strategy": "SURGE"
              }
            ],
            "version": "1.27.8-gke.1067004"
          },
          "sensitive_attributes": [],
          "private": "eyJlMmJmYjczMC1lY2FhLTExZTYtOGY4OC0zNDM2M2JjN2M0YzAiOnsiY3JlYXRlIjoxODAwMDAwMDAwMDAwLCJkZWxldGUiOjE4MDAwMDAwMDAwMDAsInVwZGF0ZSI6MTgwMDAwMDAwMDAwMH0sInNjaGVtYV92ZXJzaW9uIjoiMSJ9",
          "dependencies": [
            "google_container_cluster.primary"
          ]
        }
      ]
    }
  ],
  "check_results": null
}
